
Microsoft Visual Studio Solution File, Format Version 12.00
# Visual Studio Version 16
VisualStudioVersion = 16.0.32802.440
MinimumVisualStudioVersion = 10.0.40219.1
Project("{FAE04EC0-301F-11D3-BF4B-00C04F79EFBC}") = "ClassLibrary1", "ClassLibrary1\ClassLibrary1.csproj", "{506B4F12-7D60-4ABC-8D9B-B5D9353CB64C}"
EndProject
Project("{FAE04EC0-301F-11D3-BF4B-00C04F79EFBC}") = "Calci", "Calci\Calci.csproj", "{B929F319-8027-4562-8C92-1E70100A36F5}"
EndProject
Global
	GlobalSection(SolutionConfigurationPlatforms) = preSolution
		Debug|Any CPU = Debug|Any CPU
		Release|Any CPU = Release|Any CPU
	EndGlobalSection
	GlobalSection(ProjectConfigurationPlatforms) = postSolution
		{506B4F12-7D60-4ABC-8D9B-B5D9353CB64C}.Debug|Any CPU.ActiveCfg = Debug|Any CPU
		{506B4F12-7D60-4ABC-8D9B-B5D9353CB64C}.Debug|Any CPU.Build.0 = Debug|Any CPU
		{506B4F12-7D60-4ABC-8D9B-B5D9353CB64C}.Release|Any CPU.ActiveCfg = Release|Any CPU
		{506B4F12-7D60-4ABC-8D9B-B5D9353CB64C}.Release|Any CPU.Build.0 = Release|Any CPU
		{B929F319-8027-4562-8C92-1E70100A36F5}.Debug|Any CPU.ActiveCfg = Debug|Any CPU
		{B929F319-8027-4562-8C92-1E70100A36F5}.Debug|Any CPU.Build.0 = Debug|Any CPU
		{B929F319-8027-4562-8C92-1E70100A36F5}.Release|Any CPU.ActiveCfg = Release|Any CPU
		{B929F319-8027-4562-8C92-1E70100A36F5}.Release|Any CPU.Build.0 = Release|Any CPU
	EndGlobalSection
	GlobalSection(SolutionProperties) = preSolution
		HideSolutionNode = FALSE
	EndGlobalSection
	GlobalSection(ExtensibilityGlobals) = postSolution
		SolutionGuid = {B3A77131-E1AE-4AD7-A383-974BB3F11674}
	EndGlobalSection
EndGlobal
